// !$*UTF8*$!
{
	archiveVersion = 1;
	classes = {
	};
	objectVersion = 50;
	objects = {

/* Begin PBXBuildFile section */
		A4065FD824FD2156002C687F /* DetailHeaderView.swift in Sources */ = {isa = PBXBuildFile; fileRef = A4065FD724FD2156002C687F /* DetailHeaderView.swift */; };
		A4065FDA24FD26E9002C687F /* DetailTextViewCell.swift in Sources */ = {isa = PBXBuildFile; fileRef = A4065FD924FD26E9002C687F /* DetailTextViewCell.swift */; };
		A4065FDC24FD2A3C002C687F /* DetailScndTextViewCell.swift in Sources */ = {isa = PBXBuildFile; fileRef = A4065FDB24FD2A3C002C687F /* DetailScndTextViewCell.swift */; };
		A4809F5424F59E5800066497 /* arrays.swift in Sources */ = {isa = PBXBuildFile; fileRef = A4809F5324F59E5800066497 /* arrays.swift */; };
		A4809F5624F5B10300066497 /* TableViewCell.swift in Sources */ = {isa = PBXBuildFile; fileRef = A4809F5524F5B10300066497 /* TableViewCell.swift */; };
		A4DE0A4924F503EC0037B8FC /* AppDelegate.swift in Sources */ = {isa = PBXBuildFile; fileRef = A4DE0A4824F503EC0037B8FC /* AppDelegate.swift */; };
		A4DE0A4D24F503EC0037B8FC /* ViewController.swift in Sources */ = {isa = PBXBuildFile; fileRef = A4DE0A4C24F503EC0037B8FC /* ViewController.swift */; };
		A4DE0A5024F503EC0037B8FC /* Main.storyboard in Resources */ = {isa = PBXBuildFile; fileRef = A4DE0A4E24F503EC0037B8FC /* Main.storyboard */; };
		A4DE0A5224F503EF0037B8FC /* Assets.xcassets in Resources */ = {isa = PBXBuildFile; fileRef = A4DE0A5124F503EF0037B8FC /* Assets.xcassets */; };
		A4DE0A5524F503EF0037B8FC /* LaunchScreen.storyboard in Resources */ = {isa = PBXBuildFile; fileRef = A4DE0A5324F503EF0037B8FC /* LaunchScreen.storyboard */; };
		A4DE0A5D24F5443F0037B8FC /* DetailViewController.swift in Sources */ = {isa = PBXBuildFile; fileRef = A4DE0A5C24F5443F0037B8FC /* DetailViewController.swift */; };
/* End PBXBuildFile section */

/* Begin PBXFileReference section */
		A4065FD724FD2156002C687F /* DetailHeaderView.swift */ = {isa = PBXFileReference; lastKnownFileType = sourcecode.swift; path = DetailHeaderView.swift; sourceTree = "<group>"; };
		A4065FD924FD26E9002C687F /* DetailTextViewCell.swift */ = {isa = PBXFileReference; lastKnownFileType = sourcecode.swift; path = DetailTextViewCell.swift; sourceTree = "<group>"; };
		A4065FDB24FD2A3C002C687F /* DetailScndTextViewCell.swift */ = {isa = PBXFileReference; lastKnownFileType = sourcecode.swift; path = DetailScndTextViewCell.swift; sourceTree = "<group>"; };
		A4809F5324F59E5800066497 /* arrays.swift */ = {isa = PBXFileReference; lastKnownFileType = sourcecode.swift; path = arrays.swift; sourceTree = "<group>"; };
		A4809F5524F5B10300066497 /* TableViewCell.swift */ = {isa = PBXFileReference; lastKnownFileType = sourcecode.swift; path = TableViewCell.swift; sourceTree = "<group>"; };
		A4DE0A4524F503EC0037B8FC /* appFacelift.app */ = {isa = PBXFileReference; explicitFileType = wrapper.application; includeInIndex = 0; path = appFacelift.app; sourceTree = BUILT_PRODUCTS_DIR; };
		A4DE0A4824F503EC0037B8FC /* AppDelegate.swift */ = {isa = PBXFileReference; lastKnownFileType = sourcecode.swift; path = AppDelegate.swift; sourceTree = "<group>"; };
		A4DE0A4C24F503EC0037B8FC /* ViewController.swift */ = {isa = PBXFileReference; lastKnownFileType = sourcecode.swift; path = ViewController.swift; sourceTree = "<group>"; };
		A4DE0A4F24F503EC0037B8FC /* Base */ = {isa = PBXFileReference; lastKnownFileType = file.storyboard; name = Base; path = Base.lproj/Main.storyboard; sourceTree = "<group>"; };
		A4DE0A5124F503EF0037B8FC /* Assets.xcassets */ = {isa = PBXFileReference; lastKnownFileType = folder.assetcatalog; path = Assets.xcassets; sourceTree = "<group>"; };
		A4DE0A5424F503EF0037B8FC /* Base */ = {isa = PBXFileReference; lastKnownFileType = file.storyboard; name = Base; path = Base.lproj/LaunchScreen.storyboard; sourceTree = "<group>"; };
		A4DE0A5624F503EF0037B8FC /* Info.plist */ = {isa = PBXFileReference; lastKnownFileType = text.plist.xml; path = Info.plist; sourceTree = "<group>"; };
		A4DE0A5C24F5443F0037B8FC /* DetailViewController.swift */ = {isa = PBXFileReference; lastKnownFileType = sourcecode.swift; path = DetailViewController.swift; sourceTree = "<group>"; };
/* End PBXFileReference section */

/* Begin PBXFrameworksBuildPhase section */
		A4DE0A4224F503EC0037B8FC /* Frameworks */ = {
			isa = PBXFrameworksBuildPhase;
			buildActionMask = 2147483647;
			files = (
			);
			runOnlyForDeploymentPostprocessing = 0;
		};
/* End PBXFrameworksBuildPhase section */

/* Begin PBXGroup section */
		A4DE0A3C24F503EC0037B8FC = {
			isa = PBXGroup;
			children = (
				A4DE0A4724F503EC0037B8FC /* appFacelift */,
				A4DE0A4624F503EC0037B8FC /* Products */,
			);
			sourceTree = "<group>";
		};
		A4DE0A4624F503EC0037B8FC /* Products */ = {
			isa = PBXGroup;
			children = (
				A4DE0A4524F503EC0037B8FC /* appFacelift.app */,
			);
			name = Products;
			sourceTree = "<group>";
		};
		A4DE0A4724F503EC0037B8FC /* appFacelift */ = {
			isa = PBXGroup;
			children = (
				A4DE0A4824F503EC0037B8FC /* AppDelegate.swift */,
				A4DE0A4C24F503EC0037B8FC /* ViewController.swift */,
				A4DE0A5C24F5443F0037B8FC /* DetailViewController.swift */,
				A4DE0A4E24F503EC0037B8FC /* Main.storyboard */,
				A4DE0A5124F503EF0037B8FC /* Assets.xcassets */,
				A4DE0A5324F503EF0037B8FC /* LaunchScreen.storyboard */,
				A4DE0A5624F503EF0037B8FC /* Info.plist */,
				A4809F5324F59E5800066497 /* arrays.swift */,
				A4809F5524F5B10300066497 /* TableViewCell.swift */,
				A4065FD724FD2156002C687F /* DetailHeaderView.swift */,
				A4065FD924FD26E9002C687F /* DetailTextViewCell.swift */,
				A4065FDB24FD2A3C002C687F /* DetailScndTextViewCell.swift */,
			);
			path = appFacelift;
			sourceTree = "<group>";
		};
/* End PBXGroup section */

/* Begin PBXNativeTarget section */
		A4DE0A4424F503EC0037B8FC /* appFacelift */ = {
			isa = PBXNativeTarget;
			buildConfigurationList = A4DE0A5924F503EF0037B8FC /* Build configuration list for PBXNativeTarget "appFacelift" */;
			buildPhases = (
				A4DE0A4124F503EC0037B8FC /* Sources */,
				A4DE0A4224F503EC0037B8FC /* Frameworks */,
				A4DE0A4324F503EC0037B8FC /* Resources */,
			);
			buildRules = (
			);
			dependencies = (
			);
			name = appFacelift;
			productName = appFacelift;
			productReference = A4DE0A4524F503EC0037B8FC /* appFacelift.app */;
			productType = "com.apple.product-type.application";
		};
/* End PBXNativeTarget section */

/* Begin PBXProject section */
		A4DE0A3D24F503EC0037B8FC /* Project object */ = {
			isa = PBXProject;
			attributes = {
				LastSwiftUpdateCheck = 1150;
				LastUpgradeCheck = 1150;
				ORGANIZATIONNAME = ac1ra;
				TargetAttributes = {
					A4DE0A4424F503EC0037B8FC = {
						CreatedOnToolsVersion = 11.5;
					};
				};
			};
			buildConfigurationList = A4DE0A4024F503EC0037B8FC /* Build configuration list for PBXProject "appFacelift" */;
			compatibilityVersion = "Xcode 9.3";
			developmentRegion = en;
			hasScannedForEncodings = 0;
			knownRegions = (
				en,
				Base,
			);
			mainGroup = A4DE0A3C24F503EC0037B8FC;
			productRefGroup = A4DE0A4624F503EC0037B8FC /* Products */;
			projectDirPath = "";
			projectRoot = "";
			targets = (
				A4DE0A4424F503EC0037B8FC /* appFacelift */,
			);
		};
/* End PBXProject section */

/* Begin PBXResourcesBuildPhase section */
		A4DE0A4324F503EC0037B8FC /* Resources */ = {
			isa = PBXResourcesBuildPhase;
			buildActionMask = 2147483647;
			files = (
				A4DE0A5524F503EF0037B8FC /* LaunchScreen.storyboard in Resources */,
				A4DE0A5224F503EF0037B8FC /* Assets.xcassets in Resources */,
				A4DE0A5024F503EC0037B8FC /* Main.storyboard in Resources */,
			);
			runOnlyForDeploymentPostprocessing = 0;
		};
/* End PBXResourcesBuildPhase section */

/* Begin PBXSourcesBuildPhase section */
		A4DE0A4124F503EC0037B8FC /* Sources */ = {
			isa = PBXSourcesBuildPhase;
			buildActionMask = 2147483647;
			files = (
				A4809F5624F5B10300066497 /* TableViewCell.swift in Sources */,
				A4065FDA24FD26E9002C687F /* DetailTextViewCell.swift in Sources */,
				A4065FDC24FD2A3C002C687F /* DetailScndTextViewCell.swift in Sources */,
				A4DE0A4D24F503EC0037B8FC /* ViewController.swift in Sources */,
				A4065FD824FD2156002C687F /* DetailHeaderView.swift in Sources */,
				A4809F5424F59E5800066497 /* arrays.swift in Sources */,
				A4DE0A4924F503EC0037B8FC /* AppDelegate.swift in Sources */,
				A4DE0A5D24F5443F0037B8FC /* DetailViewController.swift in Sources */,
			);
			runOnlyForDeploymentPostprocessing = 0;
		};
/* End PBXSourcesBuildPhase section */

/* Begin PBXVariantGroup section */
		A4DE0A4E24F503EC0037B8FC /* Main.storyboard */ = {
			isa = PBXVariantGroup;
			children = (
				A4DE0A4F24F503EC0037B8FC /* Base */,
			);
			name = Main.storyboard;
			sourceTree = "<group>";
		};
		A4DE0A5324F503EF0037B8FC /* LaunchScreen.storyboard */ = {
			isa = PBXVariantGroup;
			children = (
				A4DE0A5424F503EF0037B8FC /* Base */,
			);
			name = LaunchScreen.storyboard;
			sourceTree = "<group>";
		};
/* End PBXVariantGroup section */

/* Begin XCBuildConfiguration section */
		A4DE0A5724F503EF0037B8FC /* Debug */ = {
			isa = XCBuildConfiguration;
			buildSettings = {
				ALWAYS_SEARCH_USER_PATHS = NO;
				CLANG_ANALYZER_NONNULL = YES;
				CLANG_ANALYZER_NUMBER_OBJECT_CONVERSION = YES_AGGRESSIVE;
				CLANG_CXX_LANGUAGE_STANDARD = "gnu++14";
				CLANG_CXX_LIBRARY = "libc++";
				CLANG_ENABLE_MODULES = YES;
				CLANG_ENABLE_OBJC_ARC = YES;
				CLANG_ENABLE_OBJC_WEAK = YES;
				CLANG_WARN_BLOCK_CAPTURE_AUTORELEASING = YES;
				CLANG_WARN_BOOL_CONVERSION = YES;
				CLANG_WARN_COMMA = YES;
				CLANG_WARN_CONSTANT_CONVERSION = YES;
				CLANG_WARN_DEPRECATED_OBJC_IMPLEMENTATIONS = YES;
				CLANG_WARN_DIRECT_OBJC_ISA_USAGE = YES_ERROR;
				CLANG_WARN_DOCUMENTATION_COMMENTS = YES;
				CLANG_WARN_EMPTY_BODY = YES;
				CLANG_WARN_ENUM_CONVERSION = YES;
				CLANG_WARN_INFINITE_RECURSION = YES;
				CLANG_WARN_INT_CONVERSION = YES;
				CLANG_WARN_NON_LITERAL_NULL_CONVERSION = YES;
				CLANG_WARN_OBJC_IMPLICIT_RETAIN_SELF = YES;
				CLANG_WARN_OBJC_LITERAL_CONVERSION = YES;
				CLANG_WARN_OBJC_ROOT_CLASS = YES_ERROR;
				CLANG_WARN_RANGE_LOOP_ANALYSIS = YES;
				CLANG_WARN_STRICT_PROTOTYPES = YES;
				CLANG_WARN_SUSPICIOUS_MOVE = YES;
				CLANG_WARN_UNGUARDED_AVAILABILITY = YES_AGGRESSIVE;
				CLANG_WARN_UNREACHABLE_CODE = YES;
				CLANG_WARN__DUPLICATE_METHOD_MATCH = YES;
				COPY_PHASE_STRIP = NO;
				DEBUG_INFORMATION_FORMAT = dwarf;
				ENABLE_STRICT_OBJC_MSGSEND = YES;
				ENABLE_TESTABILITY = YES;
				GCC_C_LANGUAGE_STANDARD = gnu11;
				GCC_DYNAMIC_NO_PIC = NO;
				GCC_NO_COMMON_BLOCKS = YES;
				GCC_OPTIMIZATION_LEVEL = 0;
				GCC_PREPROCESSOR_DEFINITIONS = (
					"DEBUG=1",
					"$(inherited)",
				);
				GCC_WARN_64_TO_32_BIT_CONVERSION = YES;
				GCC_WARN_ABOUT_RETURN_TYPE = YES_ERROR;
				GCC_WARN_UNDECLARED_SELECTOR = YES;
				GCC_WARN_UNINITIALIZED_AUTOS = YES_AGGRESSIVE;
				GCC_WARN_UNUSED_FUNCTION = YES;
				GCC_WARN_UNUSED_VARIABLE = YES;
				IPHONEOS_DEPLOYMENT_TARGET = 13.5;
				MTL_ENABLE_DEBUG_INFO = INCLUDE_SOURCE;
				MTL_FAST_MATH = YES;
				ONLY_ACTIVE_ARCH = YES;
				SDKROOT = iphoneos;
				SWIFT_ACTIVE_COMPILATION_CONDITIONS = DEBUG;
				SWIFT_OPTIMIZATION_LEVEL = "-Onone";
				SWIFT_VERSION = 5.0;
			};
			name = Debug;
		};
		A4DE0A5824F503EF0037B8FC /* Release */ = {
			isa = XCBuildConfiguration;
			buildSettings = {
				ALWAYS_SEARCH_USER_PATHS = NO;
				CLANG_ANALYZER_NONNULL = YES;
				CLANG_ANALYZER_NUMBER_OBJECT_CONVERSION = YES_AGGRESSIVE;
				CLANG_CXX_LANGUAGE_STANDARD = "gnu++14";
				CLANG_CXX_LIBRARY = "libc++";
				CLANG_ENABLE_MODULES = YES;
				CLANG_ENABLE_OBJC_ARC = YES;
				CLANG_ENABLE_OBJC_WEAK = YES;
				CLANG_WARN_BLOCK_CAPTURE_AUTORELEASING = YES;
				CLANG_WARN_BOOL_CONVERSION = YES;
				CLANG_WARN_COMMA = YES;
				CLANG_WARN_CONSTANT_CONVERSION = YES;
				CLANG_WARN_DEPRECATED_OBJC_IMPLEMENTATIONS = YES;
				CLANG_WARN_DIRECT_OBJC_ISA_USAGE = YES_ERROR;
				CLANG_WARN_DOCUMENTATION_COMMENTS = YES;
				CLANG_WARN_EMPTY_BODY = YES;
				CLANG_WARN_ENUM_CONVERSION = YES;
				CLANG_WARN_INFINITE_RECURSION = YES;
				CLANG_WARN_INT_CONVERSION = YES;
				CLANG_WARN_NON_LITERAL_NULL_CONVERSION = YES;
				CLANG_WARN_OBJC_IMPLICIT_RETAIN_SELF = YES;
				CLANG_WARN_OBJC_LITERAL_CONVERSION = YES;
				CLANG_WARN_OBJC_ROOT_CLASS = YES_ERROR;
				CLANG_WARN_RANGE_LOOP_ANALYSIS = YES;
				CLANG_WARN_STRICT_PROTOTYPES = YES;
				CLANG_WARN_SUSPICIOUS_MOVE = YES;
				CLANG_WARN_UNGUARDED_AVAILABILITY = YES_AGGRESSIVE;
				CLANG_WARN_UNREACHABLE_CODE = YES;
				CLANG_WARN__DUPLICATE_METHOD_MATCH = YES;
				COPY_PHASE_STRIP = NO;
				DEBUG_INFORMATION_FORMAT = "dwarf-with-dsym";
				ENABLE_NS_ASSERTIONS = NO;
				ENABLE_STRICT_OBJC_MSGSEND = YES;
				GCC_C_LANGUAGE_STANDARD = gnu11;
				GCC_NO_COMMON_BLOCKS = YES;
				GCC_WARN_64_TO_32_BIT_CONVERSION = YES;
				GCC_WARN_ABOUT_RETURN_TYPE = YES_ERROR;
				GCC_WARN_UNDECLARED_SELECTOR = YES;
				GCC_WARN_UNINITIALIZED_AUTOS = YES_AGGRESSIVE;
				GCC_WARN_UNUSED_FUNCTION = YES;
				GCC_WARN_UNUSED_VARIABLE = YES;
				IPHONEOS_DEPLOYMENT_TARGET = 13.5;
				MTL_ENABLE_DEBUG_INFO = NO;
				MTL_FAST_MATH = YES;
				SDKROOT = iphoneos;
				SWIFT_COMPILATION_MODE = wholemodule;
				SWIFT_OPTIMIZATION_LEVEL = "-O";
				SWIFT_VERSION = 5.0;
				VALIDATE_PRODUCT = YES;
			};
			name = Release;
		};
		A4DE0A5A24F503EF0037B8FC /* Debug */ = {
			isa = XCBuildConfiguration;
			buildSettings = {
				ASSETCATALOG_COMPILER_APPICON_NAME = AppIcon;
				CODE_SIGN_STYLE = Automatic;
				DEVELOPMENT_TEAM = 967FZ6S3P5;
				INFOPLIST_FILE = appFacelift/Info.plist;
				IPHONEOS_DEPLOYMENT_TARGET = 12.4;
				LD_RUNPATH_SEARCH_PATHS = (
					"$(inherited)",
					"@executable_path/Frameworks",
				);
				PRODUCT_BUNDLE_IDENTIFIER = galaxus.appFacelift;
				PRODUCT_NAME = "$(TARGET_NAME)";
				SWIFT_VERSION = 5.0;
				TARGETED_DEVICE_FAMILY = "1,2";
			};
			name = Debug;
		};
		A4DE0A5B24F503EF0037B8FC /* Release */ = {
			isa = XCBuildConfiguration;
			buildSettings = {
				ASSETCATALOG_COMPILER_APPICON_NAME = AppIcon;
				CODE_SIGN_STYLE = Automatic;
				DEVELOPMENT_TEAM = 967FZ6S3P5;
				INFOPLIST_FILE = appFacelift/Info.plist;
				IPHONEOS_DEPLOYMENT_TARGET = 12.4;
				LD_RUNPATH_SEARCH_PATHS = (
					"$(inherited)",
					"@executable_path/Frameworks",
				);
				PRODUCT_BUNDLE_IDENTIFIER = galaxus.appFacelift;
				PRODUCT_NAME = "$(TARGET_NAME)";
				SWIFT_VERSION = 5.0;
				TARGETED_DEVICE_FAMILY = "1,2";
			};
			name = Release;
		};
/* End XCBuildConfiguration section */

/* Begin XCConfigurationList section */
		A4DE0A4024F503EC0037B8FC /* Build configuration list for PBXProject "appFacelift" */ = {
			isa = XCConfigurationList;
			buildConfigurations = (
				A4DE0A5724F503EF0037B8FC /* Debug */,
				A4DE0A5824F503EF0037B8FC /* Release */,
			);
			defaultConfigurationIsVisible = 0;
			defaultConfigurationName = Release;
		};
		A4DE0A5924F503EF0037B8FC /* Build configuration list for PBXNativeTarget "appFacelift" */ = {
			isa = XCConfigurationList;
			buildConfigurations = (
				A4DE0A5A24F503EF0037B8FC /* Debug */,
				A4DE0A5B24F503EF0037B8FC /* Release */,
			);
			defaultConfigurationIsVisible = 0;
			defaultConfigurationName = Release;
		};
/* End XCConfigurationList section */
	};
	rootObject = A4DE0A3D24F503EC0037B8FC /* Project object */;
}
